
Microsoft Visual Studio Solution File, Format Version 12.00
# Visual Studio Version 17
VisualStudioVersion = 17.5.33424.131
MinimumVisualStudioVersion = 10.0.40219.1
Project("{FAE04EC0-301F-11D3-BF4B-00C04F79EFBC}") = "ASP_Project", "ASP_Project\ASP_Project.csproj", "{1A4CDCC4-311B-4B5D-902A-F1D2D7C502D1}"
EndProject
Global
	GlobalSection(SolutionConfigurationPlatforms) = preSolution
		Debug|Any CPU = Debug|Any CPU
		Release|Any CPU = Release|Any CPU
	EndGlobalSection
	GlobalSection(ProjectConfigurationPlatforms) = postSolution
		{1A4CDCC4-311B-4B5D-902A-F1D2D7C502D1}.Debug|Any CPU.ActiveCfg = Debug|Any CPU
		{1A4CDCC4-311B-4B5D-902A-F1D2D7C502D1}.Debug|Any CPU.Build.0 = Debug|Any CPU
		{1A4CDCC4-311B-4B5D-902A-F1D2D7C502D1}.Release|Any CPU.ActiveCfg = Release|Any CPU
		{1A4CDCC4-311B-4B5D-902A-F1D2D7C502D1}.Release|Any CPU.Build.0 = Release|Any CPU
	EndGlobalSection
	GlobalSection(SolutionProperties) = preSolution
		HideSolutionNode = FALSE
	EndGlobalSection
	GlobalSection(ExtensibilityGlobals) = postSolution
		SolutionGuid = {601E4BAC-F40C-4388-98B5-FAEB3B7773D1}
	EndGlobalSection
EndGlobal
